
Microsoft Visual Studio Solution File, Format Version 12.00
# Visual Studio Version 17
VisualStudioVersion = 17.0.31903.59
MinimumVisualStudioVersion = 10.0.40219.1
Project("{9A19103F-16F7-4668-BE54-9A1E7A4F7556}") = "NUnit_E2E", "NUnit_E2E\NUnit_E2E.csproj", "{3962D875-24A9-44DD-8D48-38B87C70BF98}"
EndProject
Project("{2150E333-8FDC-42A3-9474-1A3956D46DE8}") = "Solution Items", "Solution Items", "{19A70F08-C20E-4644-A66B-A1C220DF82C3}"
	ProjectSection(SolutionItems) = preProject
		.github\workflows\dotnet.yml = .github\workflows\dotnet.yml
	EndProjectSection
EndProject
Global
	GlobalSection(SolutionConfigurationPlatforms) = preSolution
		Debug|Any CPU = Debug|Any CPU
		Release|Any CPU = Release|Any CPU
	EndGlobalSection
	GlobalSection(ProjectConfigurationPlatforms) = postSolution
		{3962D875-24A9-44DD-8D48-38B87C70BF98}.Debug|Any CPU.ActiveCfg = Debug|Any CPU
		{3962D875-24A9-44DD-8D48-38B87C70BF98}.Debug|Any CPU.Build.0 = Debug|Any CPU
		{3962D875-24A9-44DD-8D48-38B87C70BF98}.Release|Any CPU.ActiveCfg = Release|Any CPU
		{3962D875-24A9-44DD-8D48-38B87C70BF98}.Release|Any CPU.Build.0 = Release|Any CPU
	EndGlobalSection
	GlobalSection(SolutionProperties) = preSolution
		HideSolutionNode = FALSE
	EndGlobalSection
EndGlobal
